
Microsoft Visual Studio Solution File, Format Version 12.00
# Visual Studio Version 17
VisualStudioVersion = 17.5.33424.131
MinimumVisualStudioVersion = 10.0.40219.1
Project("{FAE04EC0-301F-11D3-BF4B-00C04F79EFBC}") = "Homework_16_06", "Homework_16_06.csproj", "{DE3D9B64-1F4D-4534-8E4A-B089952EB0C9}"
EndProject
Global
	GlobalSection(SolutionConfigurationPlatforms) = preSolution
		Debug|Any CPU = Debug|Any CPU
		Release|Any CPU = Release|Any CPU
	EndGlobalSection
	GlobalSection(ProjectConfigurationPlatforms) = postSolution
		{DE3D9B64-1F4D-4534-8E4A-B089952EB0C9}.Debug|Any CPU.ActiveCfg = Debug|Any CPU
		{DE3D9B64-1F4D-4534-8E4A-B089952EB0C9}.Debug|Any CPU.Build.0 = Debug|Any CPU
		{DE3D9B64-1F4D-4534-8E4A-B089952EB0C9}.Release|Any CPU.ActiveCfg = Release|Any CPU
		{DE3D9B64-1F4D-4534-8E4A-B089952EB0C9}.Release|Any CPU.Build.0 = Release|Any CPU
	EndGlobalSection
	GlobalSection(SolutionProperties) = preSolution
		HideSolutionNode = FALSE
	EndGlobalSection
	GlobalSection(ExtensibilityGlobals) = postSolution
		SolutionGuid = {221C93D6-D14B-41D2-9D8B-D9429E8A4F69}
	EndGlobalSection
EndGlobal
